PODS:
  - FlutterMacOS (1.0.0)
  - upside_component_lib (0.0.1):
    - FlutterMacOS

DEPENDENCIES:
  - FlutterMacOS (from `Flutter/ephemeral`)
  - upside_component_lib (from `Flutter/ephemeral/.symlinks/plugins/upside_component_lib/macos`)

EXTERNAL SOURCES:
  FlutterMacOS:
    :path: Flutter/ephemeral
  upside_component_lib:
    :path: Flutter/ephemeral/.symlinks/plugins/upside_component_lib/macos

SPEC CHECKSUMS:
  FlutterMacOS: d0db08ddef1a9af05a5ec4b724367152bb0500b1
  upside_component_lib: 3de06f2fc95d93fd0d01c2f1313bd66de185b69f

PODFILE CHECKSUM: 54d867c82ac51cbd61b565781b9fada492027009

COCOAPODS: 1.16.2
